
Microsoft Visual Studio Solution File, Format Version 12.00
# Visual Studio Version 17
VisualStudioVersion = 17.4.33213.308
MinimumVisualStudioVersion = 10.0.40219.1
Project("{FAE04EC0-301F-11D3-BF4B-00C04F79EFBC}") = "Sat.Recruiment.Api", "WebApplication1\Sat.Recruiment.Api.csproj", "{B8D7525D-69FA-422C-829A-AA0C727FDFC5}"
EndProject
Project("{FAE04EC0-301F-11D3-BF4B-00C04F79EFBC}") = "Sat.Recruiment.Application", "Sat.Recruiment.Application\Sat.Recruiment.Application.csproj", "{97AF18D2-249E-46EA-BB61-900DF802D9D0}"
EndProject
Project("{FAE04EC0-301F-11D3-BF4B-00C04F79EFBC}") = "Sat.Recruiment.Domain", "Sat.Recruiment.Domain\Sat.Recruiment.Domain.csproj", "{50C6A0AD-68B1-4AFE-9E9A-AA867011DFF8}"
EndProject
Project("{FAE04EC0-301F-11D3-BF4B-00C04F79EFBC}") = "Sat.Recruiment.Infraestructure", "Sat.Recruiment.Infraestructure\Sat.Recruiment.Infraestructure.csproj", "{5AC04B4E-AAAD-4687-9524-315536CCF76C}"
EndProject
Project("{FAE04EC0-301F-11D3-BF4B-00C04F79EFBC}") = "Sat.Recruiment.UnitTest", "Sat.Recruiment.UnitTest\Sat.Recruiment.UnitTest.csproj", "{2DAAE23B-96BD-48B7-8A32-BF480E50F8DF}"
EndProject
Global
	GlobalSection(SolutionConfigurationPlatforms) = preSolution
		Debug|Any CPU = Debug|Any CPU
		Release|Any CPU = Release|Any CPU
	EndGlobalSection
	GlobalSection(ProjectConfigurationPlatforms) = postSolution
		{B8D7525D-69FA-422C-829A-AA0C727FDFC5}.Debug|Any CPU.ActiveCfg = Debug|Any CPU
		{B8D7525D-69FA-422C-829A-AA0C727FDFC5}.Debug|Any CPU.Build.0 = Debug|Any CPU
		{B8D7525D-69FA-422C-829A-AA0C727FDFC5}.Release|Any CPU.ActiveCfg = Release|Any CPU
		{B8D7525D-69FA-422C-829A-AA0C727FDFC5}.Release|Any CPU.Build.0 = Release|Any CPU
		{97AF18D2-249E-46EA-BB61-900DF802D9D0}.Debug|Any CPU.ActiveCfg = Debug|Any CPU
		{97AF18D2-249E-46EA-BB61-900DF802D9D0}.Debug|Any CPU.Build.0 = Debug|Any CPU
		{97AF18D2-249E-46EA-BB61-900DF802D9D0}.Release|Any CPU.ActiveCfg = Release|Any CPU
		{97AF18D2-249E-46EA-BB61-900DF802D9D0}.Release|Any CPU.Build.0 = Release|Any CPU
		{50C6A0AD-68B1-4AFE-9E9A-AA867011DFF8}.Debug|Any CPU.ActiveCfg = Debug|Any CPU
		{50C6A0AD-68B1-4AFE-9E9A-AA867011DFF8}.Debug|Any CPU.Build.0 = Debug|Any CPU
		{50C6A0AD-68B1-4AFE-9E9A-AA867011DFF8}.Release|Any CPU.ActiveCfg = Release|Any CPU
		{50C6A0AD-68B1-4AFE-9E9A-AA867011DFF8}.Release|Any CPU.Build.0 = Release|Any CPU
		{5AC04B4E-AAAD-4687-9524-315536CCF76C}.Debug|Any CPU.ActiveCfg = Debug|Any CPU
		{5AC04B4E-AAAD-4687-9524-315536CCF76C}.Debug|Any CPU.Build.0 = Debug|Any CPU
		{5AC04B4E-AAAD-4687-9524-315536CCF76C}.Release|Any CPU.ActiveCfg = Release|Any CPU
		{5AC04B4E-AAAD-4687-9524-315536CCF76C}.Release|Any CPU.Build.0 = Release|Any CPU
		{2DAAE23B-96BD-48B7-8A32-BF480E50F8DF}.Debug|Any CPU.ActiveCfg = Debug|Any CPU
		{2DAAE23B-96BD-48B7-8A32-BF480E50F8DF}.Debug|Any CPU.Build.0 = Debug|Any CPU
		{2DAAE23B-96BD-48B7-8A32-BF480E50F8DF}.Release|Any CPU.ActiveCfg = Release|Any CPU
		{2DAAE23B-96BD-48B7-8A32-BF480E50F8DF}.Release|Any CPU.Build.0 = Release|Any CPU
	EndGlobalSection
	GlobalSection(SolutionProperties) = preSolution
		HideSolutionNode = FALSE
	EndGlobalSection
	GlobalSection(ExtensibilityGlobals) = postSolution
		SolutionGuid = {225851A4-09EC-40EC-9C52-734FB0FAB728}
	EndGlobalSection
EndGlobal
